
Microsoft Visual Studio Solution File, Format Version 12.00
# Visual Studio Version 16
VisualStudioVersion = 16.0.31624.102
MinimumVisualStudioVersion = 10.0.40219.1
Project("{FAE04EC0-301F-11D3-BF4B-00C04F79EFBC}") = "DataAccess", "DataAccess\DataAccess.csproj", "{335ED126-3008-4C95-96E1-1EE8A20F51AE}"
EndProject
Project("{FAE04EC0-301F-11D3-BF4B-00C04F79EFBC}") = "Business", "Business\Business.csproj", "{E9E4494C-5944-466C-A771-CD6261415260}"
EndProject
Project("{FAE04EC0-301F-11D3-BF4B-00C04F79EFBC}") = "Entities", "Entities\Entities.csproj", "{2CEA937B-F54E-4F45-8525-68A0731D9E3C}"
EndProject
Project("{FAE04EC0-301F-11D3-BF4B-00C04F79EFBC}") = "ConsoleUI", "ConsoleUI\ConsoleUI.csproj", "{2C3B73D3-DAAE-444B-9FF9-96484456A459}"
EndProject
Global
	GlobalSection(SolutionConfigurationPlatforms) = preSolution
		Debug|Any CPU = Debug|Any CPU
		Release|Any CPU = Release|Any CPU
	EndGlobalSection
	GlobalSection(ProjectConfigurationPlatforms) = postSolution
		{335ED126-3008-4C95-96E1-1EE8A20F51AE}.Debug|Any CPU.ActiveCfg = Debug|Any CPU
		{335ED126-3008-4C95-96E1-1EE8A20F51AE}.Debug|Any CPU.Build.0 = Debug|Any CPU
		{335ED126-3008-4C95-96E1-1EE8A20F51AE}.Release|Any CPU.ActiveCfg = Release|Any CPU
		{335ED126-3008-4C95-96E1-1EE8A20F51AE}.Release|Any CPU.Build.0 = Release|Any CPU
		{E9E4494C-5944-466C-A771-CD6261415260}.Debug|Any CPU.ActiveCfg = Debug|Any CPU
		{E9E4494C-5944-466C-A771-CD6261415260}.Debug|Any CPU.Build.0 = Debug|Any CPU
		{E9E4494C-5944-466C-A771-CD6261415260}.Release|Any CPU.ActiveCfg = Release|Any CPU
		{E9E4494C-5944-466C-A771-CD6261415260}.Release|Any CPU.Build.0 = Release|Any CPU
		{2CEA937B-F54E-4F45-8525-68A0731D9E3C}.Debug|Any CPU.ActiveCfg = Debug|Any CPU
		{2CEA937B-F54E-4F45-8525-68A0731D9E3C}.Debug|Any CPU.Build.0 = Debug|Any CPU
		{2CEA937B-F54E-4F45-8525-68A0731D9E3C}.Release|Any CPU.ActiveCfg = Release|Any CPU
		{2CEA937B-F54E-4F45-8525-68A0731D9E3C}.Release|Any CPU.Build.0 = Release|Any CPU
		{2C3B73D3-DAAE-444B-9FF9-96484456A459}.Debug|Any CPU.ActiveCfg = Debug|Any CPU
		{2C3B73D3-DAAE-444B-9FF9-96484456A459}.Debug|Any CPU.Build.0 = Debug|Any CPU
		{2C3B73D3-DAAE-444B-9FF9-96484456A459}.Release|Any CPU.ActiveCfg = Release|Any CPU
		{2C3B73D3-DAAE-444B-9FF9-96484456A459}.Release|Any CPU.Build.0 = Release|Any CPU
	EndGlobalSection
	GlobalSection(SolutionProperties) = preSolution
		HideSolutionNode = FALSE
	EndGlobalSection
	GlobalSection(ExtensibilityGlobals) = postSolution
		SolutionGuid = {B786E754-B028-4144-8E49-C72F88DCA40C}
	EndGlobalSection
EndGlobal
